
Microsoft Visual Studio Solution File, Format Version 12.00
# Visual Studio 14
VisualStudioVersion = 14.0.25123.0
MinimumVisualStudioVersion = 10.0.40219.1
Project("{FAE04EC0-301F-11D3-BF4B-00C04F79EFBC}") = "screencapture", "screencapture.csproj", "{1296DC46-98D0-470A-828B-472A0BA70A45}"
EndProject
Project("{6141683F-8A12-4E36-9623-2EB02B2C2303}") = "Setup", "..\Setup\Setup.isproj", "{D60D0BFD-D160-4CB9-9E72-DD2EF9FDC913}"
	ProjectSection(ProjectDependencies) = postProject
		{1296DC46-98D0-470A-828B-472A0BA70A45} = {1296DC46-98D0-470A-828B-472A0BA70A45}
	EndProjectSection
EndProject
Global
	GlobalSection(SolutionConfigurationPlatforms) = preSolution
		CD_ROM|Any CPU = CD_ROM|Any CPU
		Debug|Any CPU = Debug|Any CPU
		DVD-5|Any CPU = DVD-5|Any CPU
		Release|Any CPU = Release|Any CPU
		SingleImage|Any CPU = SingleImage|Any CPU
	EndGlobalSection
	GlobalSection(ProjectConfigurationPlatforms) = postSolution
		{1296DC46-98D0-470A-828B-472A0BA70A45}.CD_ROM|Any CPU.ActiveCfg = Release|Any CPU
		{1296DC46-98D0-470A-828B-472A0BA70A45}.CD_ROM|Any CPU.Build.0 = Release|Any CPU
		{1296DC46-98D0-470A-828B-472A0BA70A45}.Debug|Any CPU.ActiveCfg = Debug|Any CPU
		{1296DC46-98D0-470A-828B-472A0BA70A45}.Debug|Any CPU.Build.0 = Debug|Any CPU
		{1296DC46-98D0-470A-828B-472A0BA70A45}.DVD-5|Any CPU.ActiveCfg = Debug|Any CPU
		{1296DC46-98D0-470A-828B-472A0BA70A45}.DVD-5|Any CPU.Build.0 = Debug|Any CPU
		{1296DC46-98D0-470A-828B-472A0BA70A45}.Release|Any CPU.ActiveCfg = Release|Any CPU
		{1296DC46-98D0-470A-828B-472A0BA70A45}.Release|Any CPU.Build.0 = Release|Any CPU
		{1296DC46-98D0-470A-828B-472A0BA70A45}.SingleImage|Any CPU.ActiveCfg = Release|Any CPU
		{1296DC46-98D0-470A-828B-472A0BA70A45}.SingleImage|Any CPU.Build.0 = Release|Any CPU
		{D60D0BFD-D160-4CB9-9E72-DD2EF9FDC913}.CD_ROM|Any CPU.ActiveCfg = CD_ROM
		{D60D0BFD-D160-4CB9-9E72-DD2EF9FDC913}.CD_ROM|Any CPU.Build.0 = CD_ROM
		{D60D0BFD-D160-4CB9-9E72-DD2EF9FDC913}.Debug|Any CPU.ActiveCfg = DVD-5
		{D60D0BFD-D160-4CB9-9E72-DD2EF9FDC913}.Debug|Any CPU.Build.0 = DVD-5
		{D60D0BFD-D160-4CB9-9E72-DD2EF9FDC913}.DVD-5|Any CPU.ActiveCfg = DVD-5
		{D60D0BFD-D160-4CB9-9E72-DD2EF9FDC913}.DVD-5|Any CPU.Build.0 = DVD-5
		{D60D0BFD-D160-4CB9-9E72-DD2EF9FDC913}.Release|Any CPU.ActiveCfg = SingleImage
		{D60D0BFD-D160-4CB9-9E72-DD2EF9FDC913}.Release|Any CPU.Build.0 = SingleImage
		{D60D0BFD-D160-4CB9-9E72-DD2EF9FDC913}.SingleImage|Any CPU.ActiveCfg = SingleImage
		{D60D0BFD-D160-4CB9-9E72-DD2EF9FDC913}.SingleImage|Any CPU.Build.0 = SingleImage
	EndGlobalSection
	GlobalSection(SolutionProperties) = preSolution
		HideSolutionNode = FALSE
	EndGlobalSection
EndGlobal
